Microsoft Visual Studio Solution File, Format Version 7.00
Project("{FAE04EC0-301F-11D3-BF4B-00C04F79EFBC}") = "EventInterface", "EventInterface.csproj", "{62D04731-7948-4901-B02A-9E13193A406A}"
EndProject
Global
	GlobalSection(SolutionConfiguration) = preSolution
		ConfigName.0 = Debug
		ConfigName.1 = Release
	EndGlobalSection
	GlobalSection(ProjectDependencies) = postSolution
	EndGlobalSection
	GlobalSection(ProjectConfiguration) = postSolution
		{62D04731-7948-4901-B02A-9E13193A406A}.Debug.ActiveCfg = Debug|.NET
		{62D04731-7948-4901-B02A-9E13193A406A}.Debug.Build.0 = Debug|.NET
		{62D04731-7948-4901-B02A-9E13193A406A}.Release.ActiveCfg = Release|.NET
		{62D04731-7948-4901-B02A-9E13193A406A}.Release.Build.0 = Release|.NET
	EndGlobalSection
	GlobalSection(ExtensibilityGlobals) = postSolution
	EndGlobalSection
	GlobalSection(ExtensibilityAddIns) = postSolution
	EndGlobalSection
EndGlobal
