Microsoft Visual Studio Solution File, Format Version 7.00
Project("{FAE04EC0-301F-11D3-BF4B-00C04F79EFBC}") = "StreamWriterReaderApp", "StreamWriterReaderApp.csproj", "{F925C9DF-2BF7-41A4-BCD2-E3B5DC79E6A7}"
EndProject
Global
	GlobalSection(SolutionConfiguration) = preSolution
		ConfigName.0 = Debug
		ConfigName.1 = Release
	EndGlobalSection
	GlobalSection(ProjectDependencies) = postSolution
	EndGlobalSection
	GlobalSection(ProjectConfiguration) = postSolution
		{F925C9DF-2BF7-41A4-BCD2-E3B5DC79E6A7}.Debug.ActiveCfg = Debug|.NET
		{F925C9DF-2BF7-41A4-BCD2-E3B5DC79E6A7}.Debug.Build.0 = Debug|.NET
		{F925C9DF-2BF7-41A4-BCD2-E3B5DC79E6A7}.Release.ActiveCfg = Release|.NET
		{F925C9DF-2BF7-41A4-BCD2-E3B5DC79E6A7}.Release.Build.0 = Release|.NET
	EndGlobalSection
	GlobalSection(ExtensibilityGlobals) = postSolution
	EndGlobalSection
	GlobalSection(ExtensibilityAddIns) = postSolution
	EndGlobalSection
EndGlobal
