Microsoft Visual Studio Solution File, Format Version 7.00
Project("{FAE04EC0-301F-11D3-BF4B-00C04F79EFBC}") = "UpAndDown", "UpAndDown.csproj", "{3CEA27DC-6B98-49CB-B6A2-FF15006E48E6}"
EndProject
Global
	GlobalSection(SolutionConfiguration) = preSolution
		ConfigName.0 = Debug
		ConfigName.1 = Release
	EndGlobalSection
	GlobalSection(ProjectDependencies) = postSolution
	EndGlobalSection
	GlobalSection(ProjectConfiguration) = postSolution
		{3CEA27DC-6B98-49CB-B6A2-FF15006E48E6}.Debug.ActiveCfg = Debug|.NET
		{3CEA27DC-6B98-49CB-B6A2-FF15006E48E6}.Debug.Build.0 = Debug|.NET
		{3CEA27DC-6B98-49CB-B6A2-FF15006E48E6}.Release.ActiveCfg = Release|.NET
		{3CEA27DC-6B98-49CB-B6A2-FF15006E48E6}.Release.Build.0 = Release|.NET
	EndGlobalSection
	GlobalSection(ExtensibilityGlobals) = postSolution
	EndGlobalSection
	GlobalSection(ExtensibilityAddIns) = postSolution
	EndGlobalSection
EndGlobal
