Microsoft Visual Studio Solution File, Format Version 7.00
Project("{FAE04EC0-301F-11D3-BF4B-00C04F79EFBC}") = "DynAsmBuilder", "DynAsmBuilder.csproj", "{A0AC11F2-5560-4F60-9AAA-B441275FF537}"
EndProject
Global
	GlobalSection(SolutionConfiguration) = preSolution
		ConfigName.0 = Debug
		ConfigName.1 = Release
	EndGlobalSection
	GlobalSection(ProjectDependencies) = postSolution
	EndGlobalSection
	GlobalSection(ProjectConfiguration) = postSolution
		{A0AC11F2-5560-4F60-9AAA-B441275FF537}.Debug.ActiveCfg = Debug|.NET
		{A0AC11F2-5560-4F60-9AAA-B441275FF537}.Debug.Build.0 = Debug|.NET
		{A0AC11F2-5560-4F60-9AAA-B441275FF537}.Release.ActiveCfg = Release|.NET
		{A0AC11F2-5560-4F60-9AAA-B441275FF537}.Release.Build.0 = Release|.NET
	EndGlobalSection
	GlobalSection(ExtensibilityGlobals) = postSolution
	EndGlobalSection
	GlobalSection(ExtensibilityAddIns) = postSolution
	EndGlobalSection
EndGlobal
