Microsoft Visual Studio Solution File, Format Version 7.00
Project("{FAE04EC0-301F-11D3-BF4B-00C04F79EFBC}") = "Strings", "Strings.csproj", "{37EE7F3B-6382-48FE-9225-24B30AB3B7FF}"
EndProject
Global
	GlobalSection(SolutionConfiguration) = preSolution
		ConfigName.0 = Debug
		ConfigName.1 = Release
	EndGlobalSection
	GlobalSection(ProjectDependencies) = postSolution
	EndGlobalSection
	GlobalSection(ProjectConfiguration) = postSolution
		{37EE7F3B-6382-48FE-9225-24B30AB3B7FF}.Debug.ActiveCfg = Debug|.NET
		{37EE7F3B-6382-48FE-9225-24B30AB3B7FF}.Debug.Build.0 = Debug|.NET
		{37EE7F3B-6382-48FE-9225-24B30AB3B7FF}.Release.ActiveCfg = Release|.NET
		{37EE7F3B-6382-48FE-9225-24B30AB3B7FF}.Release.Build.0 = Release|.NET
	EndGlobalSection
	GlobalSection(ExtensibilityGlobals) = postSolution
	EndGlobalSection
	GlobalSection(ExtensibilityAddIns) = postSolution
	EndGlobalSection
EndGlobal
