Microsoft Visual Studio Solution File, Format Version 7.00
Project("{FAE04EC0-301F-11D3-BF4B-00C04F79EFBC}") = "MultiThreadSharedData", "MultiThreadSharedData.csproj", "{20F97642-D739-4876-9499-AF335307EA79}"
EndProject
Global
	GlobalSection(SolutionConfiguration) = preSolution
		ConfigName.0 = Debug
		ConfigName.1 = Release
	EndGlobalSection
	GlobalSection(ProjectDependencies) = postSolution
	EndGlobalSection
	GlobalSection(ProjectConfiguration) = postSolution
		{20F97642-D739-4876-9499-AF335307EA79}.Debug.ActiveCfg = Debug|.NET
		{20F97642-D739-4876-9499-AF335307EA79}.Debug.Build.0 = Debug|.NET
		{20F97642-D739-4876-9499-AF335307EA79}.Release.ActiveCfg = Release|.NET
		{20F97642-D739-4876-9499-AF335307EA79}.Release.Build.0 = Release|.NET
	EndGlobalSection
	GlobalSection(ExtensibilityGlobals) = postSolution
	EndGlobalSection
	GlobalSection(ExtensibilityAddIns) = postSolution
	EndGlobalSection
EndGlobal
