Microsoft Visual Studio Solution File, Format Version 7.00
Project("{FAE04EC0-301F-11D3-BF4B-00C04F79EFBC}") = "DotNetComPlusServer", "DotNetComPlusServer.csproj", "{11194BD4-48F0-4528-BCB8-FB0C9B2B9E23}"
EndProject
Global
	GlobalSection(SolutionConfiguration) = preSolution
		ConfigName.0 = Debug
		ConfigName.1 = Release
	EndGlobalSection
	GlobalSection(ProjectDependencies) = postSolution
	EndGlobalSection
	GlobalSection(ProjectConfiguration) = postSolution
		{11194BD4-48F0-4528-BCB8-FB0C9B2B9E23}.Debug.ActiveCfg = Debug|.NET
		{11194BD4-48F0-4528-BCB8-FB0C9B2B9E23}.Debug.Build.0 = Debug|.NET
		{11194BD4-48F0-4528-BCB8-FB0C9B2B9E23}.Release.ActiveCfg = Release|.NET
		{11194BD4-48F0-4528-BCB8-FB0C9B2B9E23}.Release.Build.0 = Release|.NET
	EndGlobalSection
	GlobalSection(ExtensibilityGlobals) = postSolution
	EndGlobalSection
	GlobalSection(ExtensibilityAddIns) = postSolution
	EndGlobalSection
EndGlobal
