Microsoft Visual Studio Solution File, Format Version 7.00
Project("{FAE04EC0-301F-11D3-BF4B-00C04F79EFBC}") = "TextBoxes", "TextBoxes.csproj", "{9D50FD7E-A497-4197-B7DB-C6DE9FE6A74C}"
EndProject
Global
	GlobalSection(SolutionConfiguration) = preSolution
		ConfigName.0 = Debug
		ConfigName.1 = Release
	EndGlobalSection
	GlobalSection(ProjectDependencies) = postSolution
	EndGlobalSection
	GlobalSection(ProjectConfiguration) = postSolution
		{9D50FD7E-A497-4197-B7DB-C6DE9FE6A74C}.Debug.ActiveCfg = Debug|.NET
		{9D50FD7E-A497-4197-B7DB-C6DE9FE6A74C}.Debug.Build.0 = Debug|.NET
		{9D50FD7E-A497-4197-B7DB-C6DE9FE6A74C}.Release.ActiveCfg = Release|.NET
		{9D50FD7E-A497-4197-B7DB-C6DE9FE6A74C}.Release.Build.0 = Release|.NET
	EndGlobalSection
	GlobalSection(ExtensibilityGlobals) = postSolution
	EndGlobalSection
	GlobalSection(ExtensibilityAddIns) = postSolution
	EndGlobalSection
EndGlobal
