Microsoft Visual Studio Solution File, Format Version 7.00
Project("{FAE04EC0-301F-11D3-BF4B-00C04F79EFBC}") = "Shapes", "Shapes.csproj", "{BD9E8F0E-F664-45C3-8191-798893BB21AC}"
EndProject
Global
	GlobalSection(SolutionConfiguration) = preSolution
		ConfigName.0 = Debug
		ConfigName.1 = Release
	EndGlobalSection
	GlobalSection(ProjectDependencies) = postSolution
	EndGlobalSection
	GlobalSection(ProjectConfiguration) = postSolution
		{BD9E8F0E-F664-45C3-8191-798893BB21AC}.Debug.ActiveCfg = Debug|.NET
		{BD9E8F0E-F664-45C3-8191-798893BB21AC}.Debug.Build.0 = Debug|.NET
		{BD9E8F0E-F664-45C3-8191-798893BB21AC}.Release.ActiveCfg = Release|.NET
		{BD9E8F0E-F664-45C3-8191-798893BB21AC}.Release.Build.0 = Release|.NET
	EndGlobalSection
	GlobalSection(ExtensibilityGlobals) = postSolution
	EndGlobalSection
	GlobalSection(ExtensibilityAddIns) = postSolution
	EndGlobalSection
EndGlobal
