Microsoft Visual Studio Solution File, Format Version 7.00
Project("{FAE04EC0-301F-11D3-BF4B-00C04F79EFBC}") = "CSharpLateBoundCalcClient", "CSharpLateBoundCalcClient.csproj", "{11847EAE-D04F-4DD0-AA04-491089C30C3C}"
EndProject
Global
	GlobalSection(SolutionConfiguration) = preSolution
		ConfigName.0 = Debug
		ConfigName.1 = Release
	EndGlobalSection
	GlobalSection(ProjectDependencies) = postSolution
	EndGlobalSection
	GlobalSection(ProjectConfiguration) = postSolution
		{11847EAE-D04F-4DD0-AA04-491089C30C3C}.Debug.ActiveCfg = Debug|.NET
		{11847EAE-D04F-4DD0-AA04-491089C30C3C}.Debug.Build.0 = Debug|.NET
		{11847EAE-D04F-4DD0-AA04-491089C30C3C}.Release.ActiveCfg = Release|.NET
		{11847EAE-D04F-4DD0-AA04-491089C30C3C}.Release.Build.0 = Release|.NET
	EndGlobalSection
	GlobalSection(ExtensibilityGlobals) = postSolution
	EndGlobalSection
	GlobalSection(ExtensibilityAddIns) = postSolution
	EndGlobalSection
EndGlobal
