Microsoft Visual Studio Solution File, Format Version 7.00
Project("{FAE04EC0-301F-11D3-BF4B-00C04F79EFBC}") = "ObjEnumWithCollection", "ObjEnumWithCollection.csproj", "{168B689D-B96D-4FCF-A871-8A18D2926A32}"
EndProject
Global
	GlobalSection(SolutionConfiguration) = preSolution
		ConfigName.0 = Debug
		ConfigName.1 = Release
	EndGlobalSection
	GlobalSection(ProjectDependencies) = postSolution
	EndGlobalSection
	GlobalSection(ProjectConfiguration) = postSolution
		{168B689D-B96D-4FCF-A871-8A18D2926A32}.Debug.ActiveCfg = Debug|.NET
		{168B689D-B96D-4FCF-A871-8A18D2926A32}.Debug.Build.0 = Debug|.NET
		{168B689D-B96D-4FCF-A871-8A18D2926A32}.Release.ActiveCfg = Release|.NET
		{168B689D-B96D-4FCF-A871-8A18D2926A32}.Release.Build.0 = Release|.NET
	EndGlobalSection
	GlobalSection(ExtensibilityGlobals) = postSolution
	EndGlobalSection
	GlobalSection(ExtensibilityAddIns) = postSolution
	EndGlobalSection
EndGlobal
