Microsoft Visual Studio Solution File, Format Version 7.00
Project("{FAE04EC0-301F-11D3-BF4B-00C04F79EFBC}") = "PInvokeExample", "PInvokeExample.csproj", "{60841A5C-7480-4210-B6EF-EC03765AE2E5}"
EndProject
Global
	GlobalSection(SolutionConfiguration) = preSolution
		ConfigName.0 = Debug
		ConfigName.1 = Release
	EndGlobalSection
	GlobalSection(ProjectDependencies) = postSolution
	EndGlobalSection
	GlobalSection(ProjectConfiguration) = postSolution
		{60841A5C-7480-4210-B6EF-EC03765AE2E5}.Debug.ActiveCfg = Debug|.NET
		{60841A5C-7480-4210-B6EF-EC03765AE2E5}.Debug.Build.0 = Debug|.NET
		{60841A5C-7480-4210-B6EF-EC03765AE2E5}.Release.ActiveCfg = Release|.NET
		{60841A5C-7480-4210-B6EF-EC03765AE2E5}.Release.Build.0 = Release|.NET
	EndGlobalSection
	GlobalSection(ExtensibilityGlobals) = postSolution
	EndGlobalSection
	GlobalSection(ExtensibilityAddIns) = postSolution
	EndGlobalSection
EndGlobal
