Microsoft Visual Studio Solution File, Format Version 7.00
Project("{FAE04EC0-301F-11D3-BF4B-00C04F79EFBC}") = "Constants", "Constants.csproj", "{BF6709CA-5BAD-4DED-9258-11AB2C51F08F}"
EndProject
Global
	GlobalSection(SolutionConfiguration) = preSolution
		ConfigName.0 = Debug
		ConfigName.1 = Release
	EndGlobalSection
	GlobalSection(ProjectDependencies) = postSolution
	EndGlobalSection
	GlobalSection(ProjectConfiguration) = postSolution
		{BF6709CA-5BAD-4DED-9258-11AB2C51F08F}.Debug.ActiveCfg = Debug|.NET
		{BF6709CA-5BAD-4DED-9258-11AB2C51F08F}.Debug.Build.0 = Debug|.NET
		{BF6709CA-5BAD-4DED-9258-11AB2C51F08F}.Release.ActiveCfg = Release|.NET
		{BF6709CA-5BAD-4DED-9258-11AB2C51F08F}.Release.Build.0 = Release|.NET
	EndGlobalSection
	GlobalSection(ExtensibilityGlobals) = postSolution
	EndGlobalSection
	GlobalSection(ExtensibilityAddIns) = postSolution
	EndGlobalSection
EndGlobal
