Microsoft Visual Studio Solution File, Format Version 7.00
Project("{FAE04EC0-301F-11D3-BF4B-00C04F79EFBC}") = "ResLoader", "ResLoader.csproj", "{EE7C2ACA-BAD4-4A35-9D6D-FB5D54D0AD9D}"
EndProject
Global
	GlobalSection(SolutionConfiguration) = preSolution
		ConfigName.0 = Debug
		ConfigName.1 = Release
	EndGlobalSection
	GlobalSection(ProjectDependencies) = postSolution
	EndGlobalSection
	GlobalSection(ProjectConfiguration) = postSolution
		{EE7C2ACA-BAD4-4A35-9D6D-FB5D54D0AD9D}.Debug.ActiveCfg = Debug|.NET
		{EE7C2ACA-BAD4-4A35-9D6D-FB5D54D0AD9D}.Debug.Build.0 = Debug|.NET
		{EE7C2ACA-BAD4-4A35-9D6D-FB5D54D0AD9D}.Release.ActiveCfg = Release|.NET
		{EE7C2ACA-BAD4-4A35-9D6D-FB5D54D0AD9D}.Release.Build.0 = Release|.NET
	EndGlobalSection
	GlobalSection(ExtensibilityGlobals) = postSolution
	EndGlobalSection
	GlobalSection(ExtensibilityAddIns) = postSolution
	EndGlobalSection
EndGlobal
