Microsoft Visual Studio Solution File, Format Version 7.00
Project("{FAE04EC0-301F-11D3-BF4B-00C04F79EFBC}") = "PenCapApp", "PenCapApp.csproj", "{1CA6787C-DD53-4265-9560-B91E3ED76122}"
EndProject
Global
	GlobalSection(SolutionConfiguration) = preSolution
		ConfigName.0 = Debug
		ConfigName.1 = Release
	EndGlobalSection
	GlobalSection(ProjectDependencies) = postSolution
	EndGlobalSection
	GlobalSection(ProjectConfiguration) = postSolution
		{1CA6787C-DD53-4265-9560-B91E3ED76122}.Debug.ActiveCfg = Debug|.NET
		{1CA6787C-DD53-4265-9560-B91E3ED76122}.Debug.Build.0 = Debug|.NET
		{1CA6787C-DD53-4265-9560-B91E3ED76122}.Release.ActiveCfg = Release|.NET
		{1CA6787C-DD53-4265-9560-B91E3ED76122}.Release.Build.0 = Release|.NET
	EndGlobalSection
	GlobalSection(ExtensibilityGlobals) = postSolution
	EndGlobalSection
	GlobalSection(ExtensibilityAddIns) = postSolution
	EndGlobalSection
EndGlobal
