Microsoft Visual Studio Solution File, Format Version 7.00
Project("{FAE04EC0-301F-11D3-BF4B-00C04F79EFBC}") = "ObjClone", "ObjClone.csproj", "{BF66EBD9-130B-4B5F-8546-EA5B704843F0}"
EndProject
Global
	GlobalSection(SolutionConfiguration) = preSolution
		ConfigName.0 = Debug
		ConfigName.1 = Release
	EndGlobalSection
	GlobalSection(ProjectDependencies) = postSolution
	EndGlobalSection
	GlobalSection(ProjectConfiguration) = postSolution
		{BF66EBD9-130B-4B5F-8546-EA5B704843F0}.Debug.ActiveCfg = Debug|.NET
		{BF66EBD9-130B-4B5F-8546-EA5B704843F0}.Debug.Build.0 = Debug|.NET
		{BF66EBD9-130B-4B5F-8546-EA5B704843F0}.Release.ActiveCfg = Release|.NET
		{BF66EBD9-130B-4B5F-8546-EA5B704843F0}.Release.Build.0 = Release|.NET
	EndGlobalSection
	GlobalSection(ExtensibilityGlobals) = postSolution
	EndGlobalSection
	GlobalSection(ExtensibilityAddIns) = postSolution
	EndGlobalSection
EndGlobal
