Microsoft Visual Studio Solution File, Format Version 7.00
Project("{FAE04EC0-301F-11D3-BF4B-00C04F79EFBC}") = "PopUpMenu", "PopUpMenu.csproj", "{144F9399-CFDB-4BE4-AE1E-20526F40F570}"
EndProject
Global
	GlobalSection(SolutionConfiguration) = preSolution
		ConfigName.0 = Debug
		ConfigName.1 = Release
	EndGlobalSection
	GlobalSection(ProjectDependencies) = postSolution
	EndGlobalSection
	GlobalSection(ProjectConfiguration) = postSolution
		{144F9399-CFDB-4BE4-AE1E-20526F40F570}.Debug.ActiveCfg = Debug|.NET
		{144F9399-CFDB-4BE4-AE1E-20526F40F570}.Debug.Build.0 = Debug|.NET
		{144F9399-CFDB-4BE4-AE1E-20526F40F570}.Release.ActiveCfg = Release|.NET
		{144F9399-CFDB-4BE4-AE1E-20526F40F570}.Release.Build.0 = Release|.NET
	EndGlobalSection
	GlobalSection(ExtensibilityGlobals) = postSolution
	EndGlobalSection
	GlobalSection(ExtensibilityAddIns) = postSolution
	EndGlobalSection
EndGlobal
