Microsoft Visual Studio Solution File, Format Version 7.00
Project("{FAE04EC0-301F-11D3-BF4B-00C04F79EFBC}") = "DataSetClient", "DataSetClient.csproj", "{ECFC67B3-DE7E-43CC-82C8-ED1B004C8169}"
EndProject
Global
	GlobalSection(SolutionConfiguration) = preSolution
		ConfigName.0 = Debug
		ConfigName.1 = Release
	EndGlobalSection
	GlobalSection(ProjectDependencies) = postSolution
	EndGlobalSection
	GlobalSection(ProjectConfiguration) = postSolution
		{ECFC67B3-DE7E-43CC-82C8-ED1B004C8169}.Debug.ActiveCfg = Debug|.NET
		{ECFC67B3-DE7E-43CC-82C8-ED1B004C8169}.Debug.Build.0 = Debug|.NET
		{ECFC67B3-DE7E-43CC-82C8-ED1B004C8169}.Release.ActiveCfg = Release|.NET
		{ECFC67B3-DE7E-43CC-82C8-ED1B004C8169}.Release.Build.0 = Release|.NET
	EndGlobalSection
	GlobalSection(ExtensibilityGlobals) = postSolution
	EndGlobalSection
	GlobalSection(ExtensibilityAddIns) = postSolution
	EndGlobalSection
EndGlobal
