Microsoft Visual Studio Solution File, Format Version 7.00
Project("{FAE04EC0-301F-11D3-BF4B-00C04F79EFBC}") = "DataTypes", "DataTypes.csproj", "{19AE14D2-BF46-42BE-98C1-134300E822AE}"
EndProject
Global
	GlobalSection(SolutionConfiguration) = preSolution
		ConfigName.0 = Debug
		ConfigName.1 = Release
	EndGlobalSection
	GlobalSection(ProjectDependencies) = postSolution
	EndGlobalSection
	GlobalSection(ProjectConfiguration) = postSolution
		{19AE14D2-BF46-42BE-98C1-134300E822AE}.Debug.ActiveCfg = Debug|.NET
		{19AE14D2-BF46-42BE-98C1-134300E822AE}.Debug.Build.0 = Debug|.NET
		{19AE14D2-BF46-42BE-98C1-134300E822AE}.Release.ActiveCfg = Release|.NET
		{19AE14D2-BF46-42BE-98C1-134300E822AE}.Release.Build.0 = Release|.NET
	EndGlobalSection
	GlobalSection(ExtensibilityGlobals) = postSolution
	EndGlobalSection
	GlobalSection(ExtensibilityAddIns) = postSolution
	EndGlobalSection
EndGlobal
