Microsoft Visual Studio Solution File, Format Version 7.00
Project("{FAE04EC0-301F-11D3-BF4B-00C04F79EFBC}") = "SimpleMultiThreadApp", "SimpleMultiThreadApp.csproj", "{FC5EFDD0-3E19-465B-A253-80183826F0F9}"
EndProject
Global
	GlobalSection(SolutionConfiguration) = preSolution
		ConfigName.0 = Debug
		ConfigName.1 = Release
	EndGlobalSection
	GlobalSection(ProjectDependencies) = postSolution
	EndGlobalSection
	GlobalSection(ProjectConfiguration) = postSolution
		{FC5EFDD0-3E19-465B-A253-80183826F0F9}.Debug.ActiveCfg = Debug|.NET
		{FC5EFDD0-3E19-465B-A253-80183826F0F9}.Debug.Build.0 = Debug|.NET
		{FC5EFDD0-3E19-465B-A253-80183826F0F9}.Release.ActiveCfg = Release|.NET
		{FC5EFDD0-3E19-465B-A253-80183826F0F9}.Release.Build.0 = Release|.NET
	EndGlobalSection
	GlobalSection(ExtensibilityGlobals) = postSolution
	EndGlobalSection
	GlobalSection(ExtensibilityAddIns) = postSolution
	EndGlobalSection
EndGlobal
