Microsoft Visual Studio Solution File, Format Version 7.00
Project("{FAE04EC0-301F-11D3-BF4B-00C04F79EFBC}") = "LateBinding", "LateBinding.csproj", "{1ECB50EA-586F-4CAF-B96A-46B1AD56620D}"
EndProject
Global
	GlobalSection(SolutionConfiguration) = preSolution
		ConfigName.0 = Debug
		ConfigName.1 = Release
	EndGlobalSection
	GlobalSection(ProjectDependencies) = postSolution
	EndGlobalSection
	GlobalSection(ProjectConfiguration) = postSolution
		{1ECB50EA-586F-4CAF-B96A-46B1AD56620D}.Debug.ActiveCfg = Debug|.NET
		{1ECB50EA-586F-4CAF-B96A-46B1AD56620D}.Debug.Build.0 = Debug|.NET
		{1ECB50EA-586F-4CAF-B96A-46B1AD56620D}.Release.ActiveCfg = Release|.NET
		{1ECB50EA-586F-4CAF-B96A-46B1AD56620D}.Release.Build.0 = Release|.NET
	EndGlobalSection
	GlobalSection(ExtensibilityGlobals) = postSolution
	EndGlobalSection
	GlobalSection(ExtensibilityAddIns) = postSolution
	EndGlobalSection
EndGlobal
