Microsoft Visual Studio Solution File, Format Version 7.00
Project("{FAE04EC0-301F-11D3-BF4B-00C04F79EFBC}") = "CSharpCalcClient", "CSharpCalcClient.csproj", "{25EA91AC-0F03-4CC3-A9AE-9F08AEDE8545}"
EndProject
Global
	GlobalSection(SolutionConfiguration) = preSolution
		ConfigName.0 = Debug
		ConfigName.1 = Release
	EndGlobalSection
	GlobalSection(ProjectDependencies) = postSolution
	EndGlobalSection
	GlobalSection(ProjectConfiguration) = postSolution
		{25EA91AC-0F03-4CC3-A9AE-9F08AEDE8545}.Debug.ActiveCfg = Debug|.NET
		{25EA91AC-0F03-4CC3-A9AE-9F08AEDE8545}.Debug.Build.0 = Debug|.NET
		{25EA91AC-0F03-4CC3-A9AE-9F08AEDE8545}.Release.ActiveCfg = Release|.NET
		{25EA91AC-0F03-4CC3-A9AE-9F08AEDE8545}.Release.Build.0 = Release|.NET
	EndGlobalSection
	GlobalSection(ExtensibilityGlobals) = postSolution
	EndGlobalSection
	GlobalSection(ExtensibilityAddIns) = postSolution
	EndGlobalSection
EndGlobal
