Microsoft Visual Studio Solution File, Format Version 7.00
Project("{FAE04EC0-301F-11D3-BF4B-00C04F79EFBC}") = "NetToComIssuesServer", "NetToComIssuesServer.csproj", "{9FC97506-811D-4CCF-BF6F-11A596E297BC}"
EndProject
Global
	GlobalSection(SolutionConfiguration) = preSolution
		ConfigName.0 = Debug
		ConfigName.1 = Release
	EndGlobalSection
	GlobalSection(ProjectDependencies) = postSolution
	EndGlobalSection
	GlobalSection(ProjectConfiguration) = postSolution
		{9FC97506-811D-4CCF-BF6F-11A596E297BC}.Debug.ActiveCfg = Debug|.NET
		{9FC97506-811D-4CCF-BF6F-11A596E297BC}.Debug.Build.0 = Debug|.NET
		{9FC97506-811D-4CCF-BF6F-11A596E297BC}.Release.ActiveCfg = Release|.NET
		{9FC97506-811D-4CCF-BF6F-11A596E297BC}.Release.Build.0 = Release|.NET
	EndGlobalSection
	GlobalSection(ExtensibilityGlobals) = postSolution
	EndGlobalSection
	GlobalSection(ExtensibilityAddIns) = postSolution
	EndGlobalSection
EndGlobal
