Microsoft Visual Studio Solution File, Format Version 7.00
Project("{FAE04EC0-301F-11D3-BF4B-00C04F79EFBC}") = "Teenager", "Teenager.csproj", "{4BA7BC76-A130-402C-84D3-D906F6DF26DD}"
EndProject
Global
	GlobalSection(SolutionConfiguration) = preSolution
		ConfigName.0 = Debug
		ConfigName.1 = Release
	EndGlobalSection
	GlobalSection(ProjectDependencies) = postSolution
	EndGlobalSection
	GlobalSection(ProjectConfiguration) = postSolution
		{4BA7BC76-A130-402C-84D3-D906F6DF26DD}.Debug.ActiveCfg = Debug|.NET
		{4BA7BC76-A130-402C-84D3-D906F6DF26DD}.Debug.Build.0 = Debug|.NET
		{4BA7BC76-A130-402C-84D3-D906F6DF26DD}.Release.ActiveCfg = Release|.NET
		{4BA7BC76-A130-402C-84D3-D906F6DF26DD}.Release.Build.0 = Release|.NET
	EndGlobalSection
	GlobalSection(ExtensibilityGlobals) = postSolution
	EndGlobalSection
	GlobalSection(ExtensibilityAddIns) = postSolution
	EndGlobalSection
EndGlobal
