Microsoft Visual Studio Solution File, Format Version 7.00
Project("{FAE04EC0-301F-11D3-BF4B-00C04F79EFBC}") = "SimpleDialog", "SimpleDialog.csproj", "{77F02C04-E91B-474E-BC44-0D6BB1EDB2F9}"
EndProject
Global
	GlobalSection(SolutionConfiguration) = preSolution
		ConfigName.0 = Debug
		ConfigName.1 = Release
	EndGlobalSection
	GlobalSection(ProjectDependencies) = postSolution
	EndGlobalSection
	GlobalSection(ProjectConfiguration) = postSolution
		{77F02C04-E91B-474E-BC44-0D6BB1EDB2F9}.Debug.ActiveCfg = Debug|.NET
		{77F02C04-E91B-474E-BC44-0D6BB1EDB2F9}.Debug.Build.0 = Debug|.NET
		{77F02C04-E91B-474E-BC44-0D6BB1EDB2F9}.Release.ActiveCfg = Release|.NET
		{77F02C04-E91B-474E-BC44-0D6BB1EDB2F9}.Release.Build.0 = Release|.NET
	EndGlobalSection
	GlobalSection(ExtensibilityGlobals) = postSolution
	EndGlobalSection
	GlobalSection(ExtensibilityAddIns) = postSolution
	EndGlobalSection
EndGlobal
