Microsoft Visual Studio Solution File, Format Version 7.00
Project("{FAE04EC0-301F-11D3-BF4B-00C04F79EFBC}") = "BasicIO", "BasicIO.csproj", "{3FFEFACE-3BC5-471A-99D7-9CB23D26A16F}"
EndProject
Global
	GlobalSection(SolutionConfiguration) = preSolution
		ConfigName.0 = Debug
		ConfigName.1 = Release
	EndGlobalSection
	GlobalSection(ProjectDependencies) = postSolution
	EndGlobalSection
	GlobalSection(ProjectConfiguration) = postSolution
		{3FFEFACE-3BC5-471A-99D7-9CB23D26A16F}.Debug.ActiveCfg = Debug|.NET
		{3FFEFACE-3BC5-471A-99D7-9CB23D26A16F}.Debug.Build.0 = Debug|.NET
		{3FFEFACE-3BC5-471A-99D7-9CB23D26A16F}.Release.ActiveCfg = Release|.NET
		{3FFEFACE-3BC5-471A-99D7-9CB23D26A16F}.Release.Build.0 = Release|.NET
	EndGlobalSection
	GlobalSection(ExtensibilityGlobals) = postSolution
	EndGlobalSection
	GlobalSection(ExtensibilityAddIns) = postSolution
	EndGlobalSection
EndGlobal
