Microsoft Visual Studio Solution File, Format Version 7.00
Project("{FAE04EC0-301F-11D3-BF4B-00C04F79EFBC}") = "Namespaces", "Namespaces.csproj", "{32CE1256-0207-4D1B-AA77-0B2A41773864}"
EndProject
Global
	GlobalSection(SolutionConfiguration) = preSolution
		ConfigName.0 = Debug
		ConfigName.1 = Release
	EndGlobalSection
	GlobalSection(ProjectDependencies) = postSolution
	EndGlobalSection
	GlobalSection(ProjectConfiguration) = postSolution
		{32CE1256-0207-4D1B-AA77-0B2A41773864}.Debug.ActiveCfg = Debug|.NET
		{32CE1256-0207-4D1B-AA77-0B2A41773864}.Debug.Build.0 = Debug|.NET
		{32CE1256-0207-4D1B-AA77-0B2A41773864}.Release.ActiveCfg = Release|.NET
		{32CE1256-0207-4D1B-AA77-0B2A41773864}.Release.Build.0 = Release|.NET
	EndGlobalSection
	GlobalSection(ExtensibilityGlobals) = postSolution
	EndGlobalSection
	GlobalSection(ExtensibilityAddIns) = postSolution
	EndGlobalSection
EndGlobal
